
Microsoft Visual Studio Solution File, Format Version 12.00
# Visual Studio 15
VisualStudioVersion = 15.0.28307.271
MinimumVisualStudioVersion = 10.0.40219.1
Project("{FAE04EC0-301F-11D3-BF4B-00C04F79EFBC}") = "ExperimentWithControls", "ExperimentWithControls\ExperimentWithControls.csproj", "{6BBCA0FA-C42D-4F4A-8A8A-320DB74A9961}"
EndProject
Global
	GlobalSection(SolutionConfigurationPlatforms) = preSolution
		Debug|Any CPU = Debug|Any CPU
		Release|Any CPU = Release|Any CPU
	EndGlobalSection
	GlobalSection(ProjectConfigurationPlatforms) = postSolution
		{6BBCA0FA-C42D-4F4A-8A8A-320DB74A9961}.Debug|Any CPU.ActiveCfg = Debug|Any CPU
		{6BBCA0FA-C42D-4F4A-8A8A-320DB74A9961}.Debug|Any CPU.Build.0 = Debug|Any CPU
		{6BBCA0FA-C42D-4F4A-8A8A-320DB74A9961}.Release|Any CPU.ActiveCfg = Release|Any CPU
		{6BBCA0FA-C42D-4F4A-8A8A-320DB74A9961}.Release|Any CPU.Build.0 = Release|Any CPU
	EndGlobalSection
	GlobalSection(SolutionProperties) = preSolution
		HideSolutionNode = FALSE
	EndGlobalSection
	GlobalSection(ExtensibilityGlobals) = postSolution
		SolutionGuid = {B61C4ADC-6BA4-42C1-8921-24F98F1CFD7D}
	EndGlobalSection
EndGlobal
